
Microsoft Visual Studio Solution File, Format Version 12.00
# Visual Studio Version 16
VisualStudioVersion = 16.0.31624.102
MinimumVisualStudioVersion = 10.0.40219.1
Project("{F184B08F-C81C-45F6-A57F-5ABD9991F28F}") = "DashboardDiagnostis", "DashboardDiagnostis\DashboardDiagnostis.vbproj", "{5C6BA379-B321-4A22-926D-54AD1D5C899B}"
EndProject
Global
	GlobalSection(SolutionConfigurationPlatforms) = preSolution
		Debug|Any CPU = Debug|Any CPU
		Release|Any CPU = Release|Any CPU
	EndGlobalSection
	GlobalSection(ProjectConfigurationPlatforms) = postSolution
		{5C6BA379-B321-4A22-926D-54AD1D5C899B}.Debug|Any CPU.ActiveCfg = Debug|Any CPU
		{5C6BA379-B321-4A22-926D-54AD1D5C899B}.Debug|Any CPU.Build.0 = Debug|Any CPU
		{5C6BA379-B321-4A22-926D-54AD1D5C899B}.Release|Any CPU.ActiveCfg = Release|Any CPU
		{5C6BA379-B321-4A22-926D-54AD1D5C899B}.Release|Any CPU.Build.0 = Release|Any CPU
	EndGlobalSection
	GlobalSection(SolutionProperties) = preSolution
		HideSolutionNode = FALSE
	EndGlobalSection
	GlobalSection(ExtensibilityGlobals) = postSolution
		SolutionGuid = {DA2E7465-499A-41A1-9A3C-E3FE63C0E12C}
	EndGlobalSection
EndGlobal
